
Microsoft Visual Studio Solution File, Format Version 12.00
# Visual Studio Version 17
VisualStudioVersion = 17.10.35122.118
MinimumVisualStudioVersion = 10.0.40219.1
Project("{FAE04EC0-301F-11D3-BF4B-00C04F79EFBC}") = "soal-api", "soal-api\soal-api.csproj", "{B5C254C4-CECA-4AEA-9419-938A02617D7A}"
EndProject
Global
	GlobalSection(SolutionConfigurationPlatforms) = preSolution
		Debug|Any CPU = Debug|Any CPU
		Release|Any CPU = Release|Any CPU
	EndGlobalSection
	GlobalSection(ProjectConfigurationPlatforms) = postSolution
		{B5C254C4-CECA-4AEA-9419-938A02617D7A}.Debug|Any CPU.ActiveCfg = Debug|Any CPU
		{B5C254C4-CECA-4AEA-9419-938A02617D7A}.Debug|Any CPU.Build.0 = Debug|Any CPU
		{B5C254C4-CECA-4AEA-9419-938A02617D7A}.Release|Any CPU.ActiveCfg = Release|Any CPU
		{B5C254C4-CECA-4AEA-9419-938A02617D7A}.Release|Any CPU.Build.0 = Release|Any CPU
	EndGlobalSection
	GlobalSection(SolutionProperties) = preSolution
		HideSolutionNode = FALSE
	EndGlobalSection
	GlobalSection(ExtensibilityGlobals) = postSolution
		SolutionGuid = {09FF213A-1EF6-444E-8E1F-941710C509A1}
	EndGlobalSection
EndGlobal
